
Microsoft Visual Studio Solution File, Format Version 12.00
# Visual Studio 15
VisualStudioVersion = 15.0.28010.2003
MinimumVisualStudioVersion = 10.0.40219.1
Project("{FAE04EC0-301F-11D3-BF4B-00C04F79EFBC}") = "StoreHouseConnect", "StoreHouseConnect.csproj", "{479C8DBA-B9DC-4D9B-B83E-7E7AC1A3A572}"
EndProject
Global
	GlobalSection(SolutionConfigurationPlatforms) = preSolution
		Debug|Any CPU = Debug|Any CPU
		Release|Any CPU = Release|Any CPU
	EndGlobalSection
	GlobalSection(ProjectConfigurationPlatforms) = postSolution
		{479C8DBA-B9DC-4D9B-B83E-7E7AC1A3A572}.Debug|Any CPU.ActiveCfg = Debug|Any CPU
		{479C8DBA-B9DC-4D9B-B83E-7E7AC1A3A572}.Debug|Any CPU.Build.0 = Debug|Any CPU
		{479C8DBA-B9DC-4D9B-B83E-7E7AC1A3A572}.Release|Any CPU.ActiveCfg = Release|Any CPU
		{479C8DBA-B9DC-4D9B-B83E-7E7AC1A3A572}.Release|Any CPU.Build.0 = Release|Any CPU
	EndGlobalSection
	GlobalSection(SolutionProperties) = preSolution
		HideSolutionNode = FALSE
	EndGlobalSection
	GlobalSection(ExtensibilityGlobals) = postSolution
		SolutionGuid = {A2A89EFA-F45C-41FB-9EF3-0820D6B436FA}
	EndGlobalSection
EndGlobal
